
Microsoft Visual Studio Solution File, Format Version 12.00
# Visual Studio Version 17
VisualStudioVersion = 17.3.32922.545
MinimumVisualStudioVersion = 10.0.40219.1
Project("{FAE04EC0-301F-11D3-BF4B-00C04F79EFBC}") = "FPTS API", "FPTS API\FPTS API.csproj", "{34CA704A-7158-480D-9C5F-F77F60A93C88}"
EndProject
Project("{FAE04EC0-301F-11D3-BF4B-00C04F79EFBC}") = "FPTSView", "FPTSView\FPTSView.csproj", "{670DF997-4791-45A1-9418-80CFAFE55E03}"
EndProject
Project("{FAE04EC0-301F-11D3-BF4B-00C04F79EFBC}") = "WebService", "WebService\WebService.csproj", "{88561524-4325-4084-8181-4F89863483F5}"
EndProject
Global
	GlobalSection(SolutionConfigurationPlatforms) = preSolution
		Debug|Any CPU = Debug|Any CPU
		Release|Any CPU = Release|Any CPU
	EndGlobalSection
	GlobalSection(ProjectConfigurationPlatforms) = postSolution
		{34CA704A-7158-480D-9C5F-F77F60A93C88}.Debug|Any CPU.ActiveCfg = Debug|Any CPU
		{34CA704A-7158-480D-9C5F-F77F60A93C88}.Debug|Any CPU.Build.0 = Debug|Any CPU
		{34CA704A-7158-480D-9C5F-F77F60A93C88}.Release|Any CPU.ActiveCfg = Release|Any CPU
		{34CA704A-7158-480D-9C5F-F77F60A93C88}.Release|Any CPU.Build.0 = Release|Any CPU
		{670DF997-4791-45A1-9418-80CFAFE55E03}.Debug|Any CPU.ActiveCfg = Debug|Any CPU
		{670DF997-4791-45A1-9418-80CFAFE55E03}.Debug|Any CPU.Build.0 = Debug|Any CPU
		{670DF997-4791-45A1-9418-80CFAFE55E03}.Release|Any CPU.ActiveCfg = Release|Any CPU
		{670DF997-4791-45A1-9418-80CFAFE55E03}.Release|Any CPU.Build.0 = Release|Any CPU
		{88561524-4325-4084-8181-4F89863483F5}.Debug|Any CPU.ActiveCfg = Debug|Any CPU
		{88561524-4325-4084-8181-4F89863483F5}.Debug|Any CPU.Build.0 = Debug|Any CPU
		{88561524-4325-4084-8181-4F89863483F5}.Release|Any CPU.ActiveCfg = Release|Any CPU
		{88561524-4325-4084-8181-4F89863483F5}.Release|Any CPU.Build.0 = Release|Any CPU
	EndGlobalSection
	GlobalSection(SolutionProperties) = preSolution
		HideSolutionNode = FALSE
	EndGlobalSection
	GlobalSection(ExtensibilityGlobals) = postSolution
		SolutionGuid = {AEC51A80-E7E3-493F-BC91-E94AEDB8131F}
	EndGlobalSection
EndGlobal
